
Microsoft Visual Studio Solution File, Format Version 12.00
# Visual Studio Version 16
VisualStudioVersion = 16.0.30611.23
MinimumVisualStudioVersion = 10.0.40219.1
Project("{FAE04EC0-301F-11D3-BF4B-00C04F79EFBC}") = "single-page-app", "single-page-app\single-page-app.csproj", "{AEA8730B-5C80-4097-A091-5A519DAA125A}"
EndProject
Global
	GlobalSection(SolutionConfigurationPlatforms) = preSolution
		Debug|Any CPU = Debug|Any CPU
		Release|Any CPU = Release|Any CPU
	EndGlobalSection
	GlobalSection(ProjectConfigurationPlatforms) = postSolution
		{AEA8730B-5C80-4097-A091-5A519DAA125A}.Debug|Any CPU.ActiveCfg = Debug|Any CPU
		{AEA8730B-5C80-4097-A091-5A519DAA125A}.Debug|Any CPU.Build.0 = Debug|Any CPU
		{AEA8730B-5C80-4097-A091-5A519DAA125A}.Release|Any CPU.ActiveCfg = Release|Any CPU
		{AEA8730B-5C80-4097-A091-5A519DAA125A}.Release|Any CPU.Build.0 = Release|Any CPU
	EndGlobalSection
	GlobalSection(SolutionProperties) = preSolution
		HideSolutionNode = FALSE
	EndGlobalSection
	GlobalSection(ExtensibilityGlobals) = postSolution
		SolutionGuid = {A4C44390-7732-4D88-AB86-8A008234E637}
	EndGlobalSection
EndGlobal
